lockfileVersion: '9.0'

settings:
  autoInstallPeers: true
  excludeLinksFromLockfile: false

overrides:
  brace-expansion: ^2.0.1

importers:

  .:
    dependencies:
      gql.tada:
        specifier: 1.9.0
        version: 1.9.0(graphql@16.11.0)(typescript@5.9.2)

packages:

  '@0no-co/graphql.web@1.2.0':
    resolution: {integrity: sha512-/1iHy9TTr63gE1YcR5idjx8UREz1s0kFhydf3bBLCXyqjhkIc6igAzTOx3zPifCwFR87tsh/4Pa9cNts6d2otw==}
    peerDependencies:
      graphql: ^14.0.0 || ^15.0.0 || ^16.0.0
    peerDependenciesMeta:
      graphql:
        optional: true

  '@0no-co/graphqlsp@1.15.1':
    resolution: {integrity: sha512-UBDBuVGpX5Ti0PjGnSAzkMG04psNYxKfJ+1bgF8HFPfHHpKNVl4GULHSNW0GTOngcYCYA70c+InoKw0qjHwmVQ==}
    peerDependencies:
      graphql: ^15.5.0 || ^16.0.0 || ^17.0.0
      typescript: ^5.0.0

  '@gql.tada/cli-utils@1.7.2':
    resolution: {integrity: sha512-Qbc7hbLvCz6IliIJpJuKJa9p05b2Jona7ov7+qofCsMRxHRZE1kpAmZMvL8JCI4c0IagpIlWNaMizXEQUe8XjQ==}
    peerDependencies:
      '@0no-co/graphqlsp': ^1.12.13
      '@gql.tada/svelte-support': 1.0.1
      '@gql.tada/vue-support': 1.0.1
      graphql: ^15.5.0 || ^16.0.0 || ^17.0.0
      typescript: ^5.0.0
    peerDependenciesMeta:
      '@gql.tada/svelte-support':
        optional: true
      '@gql.tada/vue-support':
        optional: true

  '@gql.tada/internal@1.0.8':
    resolution: {integrity: sha512-XYdxJhtHC5WtZfdDqtKjcQ4d7R1s0d1rnlSs3OcBEUbYiPoJJfZU7tWsVXuv047Z6msvmr4ompJ7eLSK5Km57g==}
    peerDependencies:
      graphql: ^15.5.0 || ^16.0.0 || ^17.0.0
      typescript: ^5.0.0

  gql.tada@1.9.0:
    resolution: {integrity: sha512-1LMiA46dRs5oF7Qev6vMU32gmiNvM3+3nHoQZA9K9j2xQzH8xOAWnnJrLSbZOFHTSdFxqn86TL6beo1/7ja/aA==}
    hasBin: true
    peerDependencies:
      typescript: ^5.0.0

  graphql@16.11.0:
    resolution: {integrity: sha512-mS1lbMsxgQj6hge1XZ6p7GPhbrtFwUFYi3wRzXAC/FmYnyXMTvvI3td3rjmQ2u8ewXueaSvRPWaEcgVVOT9Jnw==}
    engines: {node: ^12.22.0 || ^14.16.0 || ^16.0.0 || >=17.0.0}

  typescript@5.9.2:
    resolution: {integrity: sha512-CWBzXQrc/qOkhidw1OzBTQuYRbfyxDXJMVJ1XNwUHGROVmuaeiEm3OslpZ1RV96d7SKKjZKrSJu3+t/xlw3R9A==}
    engines: {node: '>=14.17'}
    hasBin: true

snapshots:

  '@0no-co/graphql.web@1.2.0(graphql@16.11.0)':
    optionalDependencies:
      graphql: 16.11.0

  '@0no-co/graphqlsp@1.15.1(graphql@16.11.0)(typescript@5.9.2)':
    dependencies:
      '@gql.tada/internal': 1.0.8(graphql@16.11.0)(typescript@5.9.2)
      graphql: 16.11.0
      typescript: 5.9.2

  '@gql.tada/cli-utils@1.7.2(@0no-co/graphqlsp@1.15.1(graphql@16.11.0)(typescript@5.9.2))(graphql@16.11.0)(typescript@5.9.2)':
    dependencies:
      '@0no-co/graphqlsp': 1.15.1(graphql@16.11.0)(typescript@5.9.2)
      '@gql.tada/internal': 1.0.8(graphql@16.11.0)(typescript@5.9.2)
      graphql: 16.11.0
      typescript: 5.9.2

  '@gql.tada/internal@1.0.8(graphql@16.11.0)(typescript@5.9.2)':
    dependencies:
      '@0no-co/graphql.web': 1.2.0(graphql@16.11.0)
      graphql: 16.11.0
      typescript: 5.9.2

  gql.tada@1.9.0(graphql@16.11.0)(typescript@5.9.2):
    dependencies:
      '@0no-co/graphql.web': 1.2.0(graphql@16.11.0)
      '@0no-co/graphqlsp': 1.15.1(graphql@16.11.0)(typescript@5.9.2)
      '@gql.tada/cli-utils': 1.7.2(@0no-co/graphqlsp@1.15.1(graphql@16.11.0)(typescript@5.9.2))(graphql@16.11.0)(typescript@5.9.2)
      '@gql.tada/internal': 1.0.8(graphql@16.11.0)(typescript@5.9.2)
      typescript: 5.9.2
    transitivePeerDependencies:
      - '@gql.tada/svelte-support'
      - '@gql.tada/vue-support'
      - graphql

  graphql@16.11.0: {}

  typescript@5.9.2: {}
